
Microsoft Visual Studio Solution File, Format Version 12.00
# Visual Studio 2013
VisualStudioVersion = 12.0.31101.0
MinimumVisualStudioVersion = 10.0.40219.1
Project("{F2A71F9B-5D33-465A-A702-920D77279786}") = "TestFSharpWebAppVeyor", "TestFSharpWebAppVeyor\TestFSharpWebAppVeyor.fsproj", "{5B0FA967-95B8-4ED0-8838-AA21453EE4B1}"
EndProject
Project("{2150E333-8FDC-42A3-9474-1A3956D46DE8}") = ".nuget", ".nuget", "{158BCF5F-4DE1-42A4-85BD-5FAF93F23537}"
	ProjectSection(SolutionItems) = preProject
		.nuget\packages.config = .nuget\packages.config
	EndProjectSection
EndProject
Global
	GlobalSection(SolutionConfigurationPlatforms) = preSolution
		Debug|Any CPU = Debug|Any CPU
		Release|Any CPU = Release|Any CPU
	EndGlobalSection
	GlobalSection(ProjectConfigurationPlatforms) = postSolution
		{5B0FA967-95B8-4ED0-8838-AA21453EE4B1}.Debug|Any CPU.ActiveCfg = Debug|Any CPU
		{5B0FA967-95B8-4ED0-8838-AA21453EE4B1}.Debug|Any CPU.Build.0 = Debug|Any CPU
		{5B0FA967-95B8-4ED0-8838-AA21453EE4B1}.Release|Any CPU.ActiveCfg = Release|Any CPU
		{5B0FA967-95B8-4ED0-8838-AA21453EE4B1}.Release|Any CPU.Build.0 = Release|Any CPU
	EndGlobalSection
	GlobalSection(SolutionProperties) = preSolution
		HideSolutionNode = FALSE
	EndGlobalSection
EndGlobal
